{
  "pins" : [
    {
      "identity" : "alamofire",
      "kind" : "remoteSourceControl",
      "location" : "https://github.com/Alamofire/Alamofire.git",
      "state" : {
        "revision" : "3dc6a42c7727c49bf26508e29b0a0b35f9c7e1ad",
        "version" : "5.8.1"
      }
    },
    {
      "identity" : "openssl-apple",
      "kind" : "remoteSourceControl",
      "location" : "https://github.com/passepartoutvpn/openssl-apple",
      "state" : {
        "revision" : "757c074af45e4f2514fe63f649ccdde966183e90",
        "version" : "1.1.11700"
      }
    },
    {
      "identity" : "swiftybeaver",
      "kind" : "remoteSourceControl",
      "location" : "https://github.com/SwiftyBeaver/SwiftyBeaver",
      "state" : {
        "revision" : "12b5acf96d98f91d50de447369bd18df74600f1a",
        "version" : "1.9.6"
      }
    },
    {
      "identity" : "tunnelkit",
      "kind" : "remoteSourceControl",
      "location" : "https://github.com/passepartoutvpn/tunnelkit.git",
      "state" : {
        "revision" : "ca378c4999f2040565b9ec944746b684ab19c347",
        "version" : "5.0.0"
      }
    },
    {
      "identity" : "whatever_logger",
      "kind" : "remoteSourceControl",
      "location" : "https://github.com/MacHuiak/whatever_logger.git",
      "state" : {
        "branch" : "main",
        "revision" : "73a0370512625b2a170f064bc1b9d092297d1d6c"
      }
    },
    {
      "identity" : "wireguard-apple",
      "kind" : "remoteSourceControl",
      "location" : "https://github.com/passepartoutvpn/wireguard-apple",
      "state" : {
        "revision" : "73d9152fa0cb661db0348a1ac11dbbf998422a50",
        "version" : "1.0.17"
      }
    }
  ],
  "version" : 2
}
