PODS:
  - Flutter (1.0.0)
  - flutter_inapp_purchase (0.0.1):
    - Flutter
  - flutter_local_notifications (0.0.1):
    - Flutter
  - flutter_native_timezone (0.0.1):
    - Flutter
  - in_app_purchase_storekit (0.0.1):
    - Flutter
    - FlutterMacOS
  - in_app_review (0.2.0):
    - Flutter
  - notification_permissions (0.4.4):
    - Flutter
  - package_info_plus (0.4.5):
    - Flutter
  - path_provider_foundation (0.0.1):
    - Flutter
    - FlutterMacOS
  - rive_common (0.0.1):
    - Flutter
  - Sentry (8.15.2):
    - Sentry/Core (= 8.15.2)
    - SentryPrivate (= 8.15.2)
  - Sentry/Core (8.15.2):
    - SentryPrivate (= 8.15.2)
  - Sentry/HybridSDK (8.15.2):
    - SentryPrivate (= 8.15.2)
  - sentry_flutter (0.0.1):
    - Flutter
    - FlutterMacOS
    - Sentry/HybridSDK (= 8.15.2)
  - SentryPrivate (8.15.2)
  - shared_preferences_foundation (0.0.1):
    - Flutter
    - FlutterMacOS
  - url_launcher_ios (0.0.1):
    - Flutter

DEPENDENCIES:
  - Flutter (from `Flutter`)
  - flutter_inapp_purchase (from `.symlinks/plugins/flutter_inapp_purchase/ios`)
  - flutter_local_notifications (from `.symlinks/plugins/flutter_local_notifications/ios`)
  - flutter_native_timezone (from `.symlinks/plugins/flutter_native_timezone/ios`)
  - in_app_purchase_storekit (from `.symlinks/plugins/in_app_purchase_storekit/darwin`)
  - in_app_review (from `.symlinks/plugins/in_app_review/ios`)
  - notification_permissions (from `.symlinks/plugins/notification_permissions/ios`)
  - package_info_plus (from `.symlinks/plugins/package_info_plus/ios`)
  - path_provider_foundation (from `.symlinks/plugins/path_provider_foundation/darwin`)
  - rive_common (from `.symlinks/plugins/rive_common/ios`)
  - Sentry
  - sentry_flutter (from `.symlinks/plugins/sentry_flutter/ios`)
  - shared_preferences_foundation (from `.symlinks/plugins/shared_preferences_foundation/darwin`)
  - url_launcher_ios (from `.symlinks/plugins/url_launcher_ios/ios`)

SPEC REPOS:
  trunk:
    - Sentry
    - SentryPrivate

EXTERNAL SOURCES:
  Flutter:
    :path: Flutter
  flutter_inapp_purchase:
    :path: ".symlinks/plugins/flutter_inapp_purchase/ios"
  flutter_local_notifications:
    :path: ".symlinks/plugins/flutter_local_notifications/ios"
  flutter_native_timezone:
    :path: ".symlinks/plugins/flutter_native_timezone/ios"
  in_app_purchase_storekit:
    :path: ".symlinks/plugins/in_app_purchase_storekit/darwin"
  in_app_review:
    :path: ".symlinks/plugins/in_app_review/ios"
  notification_permissions:
    :path: ".symlinks/plugins/notification_permissions/ios"
  package_info_plus:
    :path: ".symlinks/plugins/package_info_plus/ios"
  path_provider_foundation:
    :path: ".symlinks/plugins/path_provider_foundation/darwin"
  rive_common:
    :path: ".symlinks/plugins/rive_common/ios"
  sentry_flutter:
    :path: ".symlinks/plugins/sentry_flutter/ios"
  shared_preferences_foundation:
    :path: ".symlinks/plugins/shared_preferences_foundation/darwin"
  url_launcher_ios:
    :path: ".symlinks/plugins/url_launcher_ios/ios"

SPEC CHECKSUMS:
  Flutter: f04841e97a9d0b0a8025694d0796dd46242b2854
  flutter_inapp_purchase: 5c6a1ac3f11b11d0c8c0321c0c41c1f05805e4c8
  flutter_local_notifications: 0c0b1ae97e741e1521e4c1629a459d04b9aec743
  flutter_native_timezone: 5f05b2de06c9776b4cc70e1839f03de178394d22
  in_app_purchase_storekit: 4fb7ee9e824b1f09107fbfbbce8c4b276366dc43
  in_app_review: 318597b3a06c22bb46dc454d56828c85f444f99d
  notification_permissions: 825ea1bf2a52ab585c53fd7b5e8e96876d735d4b
  package_info_plus: 115f4ad11e0698c8c1c5d8a689390df880f47e85
  path_provider_foundation: 29f094ae23ebbca9d3d0cec13889cd9060c0e943
  rive_common: 8a159d68033a8b073e5853acc50f03aa486a2888
  Sentry: 6f5742b4c47c17c9adcf265f6f328cf4a0ed1923
  sentry_flutter: 2c309a1d4b45e59d02cfa15795705687f1e2081b
  SentryPrivate: b2f7996f37781080f04a946eb4e377ff63c64195
  shared_preferences_foundation: 5b919d13b803cadd15ed2dc053125c68730e5126
  url_launcher_ios: bf5ce03e0e2088bad9cc378ea97fa0ed5b49673b

PODFILE CHECKSUM: 7f4caa7d02a80e6f541f367dd041a55554ad37fc

COCOAPODS: 1.14.3
